
Microsoft Visual Studio Solution File, Format Version 12.00
# Visual Studio Version 16
VisualStudioVersion = 16.0.29215.179
MinimumVisualStudioVersion = 10.0.40219.1
Project("{FAE04EC0-301F-11D3-BF4B-00C04F79EFBC}") = "LagBetManagerAPI", "LagBetManagerAPI\LagBetManagerAPI.csproj", "{91434DD9-C17A-40E9-B976-4B6CF88FC10F}"
EndProject
Global
	GlobalSection(SolutionConfigurationPlatforms) = preSolution
		Debug|Any CPU = Debug|Any CPU
		Release|Any CPU = Release|Any CPU
	EndGlobalSection
	GlobalSection(ProjectConfigurationPlatforms) = postSolution
		{91434DD9-C17A-40E9-B976-4B6CF88FC10F}.Debug|Any CPU.ActiveCfg = Debug|Any CPU
		{91434DD9-C17A-40E9-B976-4B6CF88FC10F}.Debug|Any CPU.Build.0 = Debug|Any CPU
		{91434DD9-C17A-40E9-B976-4B6CF88FC10F}.Release|Any CPU.ActiveCfg = Release|Any CPU
		{91434DD9-C17A-40E9-B976-4B6CF88FC10F}.Release|Any CPU.Build.0 = Release|Any CPU
	EndGlobalSection
	GlobalSection(SolutionProperties) = preSolution
		HideSolutionNode = FALSE
	EndGlobalSection
	GlobalSection(ExtensibilityGlobals) = postSolution
		SolutionGuid = {03D03004-358C-4FFE-9AED-CAAB6BA59BEC}
	EndGlobalSection
EndGlobal
